
Microsoft Visual Studio Solution File, Format Version 12.00
# Visual Studio Version 17
VisualStudioVersion = 17.5.002.0
MinimumVisualStudioVersion = 10.0.40219.1
Project("{9A19103F-16F7-4668-BE54-9A1E7A4F7556}") = "MalvinasArgentinas-Personal-App", "MalvinasArgentinas-Personal-App.csproj", "{908C4C7F-3442-46DE-B707-E108CE641D99}"
EndProject
Global
	GlobalSection(SolutionConfigurationPlatforms) = preSolution
		Debug|Any CPU = Debug|Any CPU
		Release|Any CPU = Release|Any CPU
	EndGlobalSection
	GlobalSection(ProjectConfigurationPlatforms) = postSolution
		{908C4C7F-3442-46DE-B707-E108CE641D99}.Debug|Any CPU.ActiveCfg = Debug|Any CPU
		{908C4C7F-3442-46DE-B707-E108CE641D99}.Debug|Any CPU.Build.0 = Debug|Any CPU
		{908C4C7F-3442-46DE-B707-E108CE641D99}.Release|Any CPU.ActiveCfg = Release|Any CPU
		{908C4C7F-3442-46DE-B707-E108CE641D99}.Release|Any CPU.Build.0 = Release|Any CPU
	EndGlobalSection
	GlobalSection(SolutionProperties) = preSolution
		HideSolutionNode = FALSE
	EndGlobalSection
	GlobalSection(ExtensibilityGlobals) = postSolution
		SolutionGuid = {51E0BD1E-09EE-45AF-AD8C-B691E84A4252}
	EndGlobalSection
EndGlobal
